
Microsoft Visual Studio Solution File, Format Version 12.00
# Visual Studio Version 17
VisualStudioVersion = 17.4.33103.184
MinimumVisualStudioVersion = 10.0.40219.1
Project("{FAE04EC0-301F-11D3-BF4B-00C04F79EFBC}") = "BMI", "ConsoleApp1\BMI.csproj", "{A33C2536-8563-465C-9444-3C1398EB97F0}"
EndProject
Global
	GlobalSection(SolutionConfigurationPlatforms) = preSolution
		Debug|Any CPU = Debug|Any CPU
		Release|Any CPU = Release|Any CPU
	EndGlobalSection
	GlobalSection(ProjectConfigurationPlatforms) = postSolution
		{A33C2536-8563-465C-9444-3C1398EB97F0}.Debug|Any CPU.ActiveCfg = Debug|Any CPU
		{A33C2536-8563-465C-9444-3C1398EB97F0}.Debug|Any CPU.Build.0 = Debug|Any CPU
		{A33C2536-8563-465C-9444-3C1398EB97F0}.Release|Any CPU.ActiveCfg = Release|Any CPU
		{A33C2536-8563-465C-9444-3C1398EB97F0}.Release|Any CPU.Build.0 = Release|Any CPU
	EndGlobalSection
	GlobalSection(SolutionProperties) = preSolution
		HideSolutionNode = FALSE
	EndGlobalSection
	GlobalSection(ExtensibilityGlobals) = postSolution
		SolutionGuid = {D15BCDBD-3215-4D0B-98DF-3D8D917AEF36}
	EndGlobalSection
EndGlobal
